
Microsoft Visual Studio Solution File, Format Version 12.00
# Visual Studio Version 16
VisualStudioVersion = 16.0.31515.178
MinimumVisualStudioVersion = 10.0.40219.1
Project("{9A19103F-16F7-4668-BE54-9A1E7A4F7556}") = "EBazeni", "EBazeni\EBazeni.csproj", "{EFF86846-D5F5-4F3C-A405-E5E04E73675F}"
EndProject
Global
	GlobalSection(SolutionConfigurationPlatforms) = preSolution
		Debug|Any CPU = Debug|Any CPU
		Release|Any CPU = Release|Any CPU
	EndGlobalSection
	GlobalSection(ProjectConfigurationPlatforms) = postSolution
		{EFF86846-D5F5-4F3C-A405-E5E04E73675F}.Debug|Any CPU.ActiveCfg = Debug|Any CPU
		{EFF86846-D5F5-4F3C-A405-E5E04E73675F}.Debug|Any CPU.Build.0 = Debug|Any CPU
		{EFF86846-D5F5-4F3C-A405-E5E04E73675F}.Release|Any CPU.ActiveCfg = Release|Any CPU
		{EFF86846-D5F5-4F3C-A405-E5E04E73675F}.Release|Any CPU.Build.0 = Release|Any CPU
	EndGlobalSection
	GlobalSection(SolutionProperties) = preSolution
		HideSolutionNode = FALSE
	EndGlobalSection
	GlobalSection(ExtensibilityGlobals) = postSolution
		SolutionGuid = {76369F91-E895-4716-986F-9904F93084E6}
	EndGlobalSection
EndGlobal
